// !$*UTF8*$!
{
	archiveVersion = 1;
	classes = {
	};
	objectVersion = 54;
	objects = {

/* Begin PBXBuildFile section */
		02408D9886DE9BAA08E211C8 /* Rswift+Extension.swift in Sources */ = {isa = PBXBuildFile; fileRef = CC985DDB5BEF915525200F80 /* Rswift+Extension.swift */; };
		2649ABC29B31F92F893D6534 /* PrimaryButtonModifier.swift in Sources */ = {isa = PBXBuildFile; fileRef = F24B1E369CB2DEB3BD7E0211 /* PrimaryButtonModifier.swift */; };
		285D84657CA11504BA474B33 /* Assets.xcassets in Resources */ = {isa = PBXBuildFile; fileRef = 048CD0CD3E6A48428407C6D9 /* Assets.xcassets */; };
		2B3CCAB67E05D7E2125765EA /* CharacterView.swift in Sources */ = {isa = PBXBuildFile; fileRef = 3A56B148CFF959077BDB5B5F /* CharacterView.swift */; };
		2B627D6C6470C2347F412C70 /* WeaponView.swift in Sources */ = {isa = PBXBuildFile; fileRef = 4F39809C1DF4CA3BFA2E5E19 /* WeaponView.swift */; };
		2E9ECD96C5BDF9C387CCCF42 /* Weapon.swift in Sources */ = {isa = PBXBuildFile; fileRef = 0A7B4EF2978659AA8BE734BA /* Weapon.swift */; };
		2F6F3D972B87975784F03985 /* AmmoView.swift in Sources */ = {isa = PBXBuildFile; fileRef = C60C5B933C2D95597557D7F6 /* AmmoView.swift */; };
		2FBFBF246EA7BB1A30EEE40F /* Charactar.swift in Sources */ = {isa = PBXBuildFile; fileRef = 41BB40B83E2F9FAFD0EAF502 /* Charactar.swift */; };
		36628045C51A0C6396421B21 /* AmmoPickerView.swift in Sources */ = {isa = PBXBuildFile; fileRef = 46110AFAFF02D20BED2ACCF6 /* AmmoPickerView.swift */; };
		375B24E26AA05685E79FC3C6 /* AmmoTriangle.swift in Sources */ = {isa = PBXBuildFile; fileRef = 08082B5A5DA964AB101FE058 /* AmmoTriangle.swift */; };
		3E3620214E3E7D1B1C5490F0 /* AmmoInfo.swift in Sources */ = {isa = PBXBuildFile; fileRef = 38A6F48B6F4E4EE2B90C0510 /* AmmoInfo.swift */; };
		4A229C80E8880A03D4B370E2 /* ApexRouletteApp.swift in Sources */ = {isa = PBXBuildFile; fileRef = C15FC7C612F464F2646F4604 /* ApexRouletteApp.swift */; };
		564DEB42ADCBB3405CDAFE94 /* Ammo.swift in Sources */ = {isa = PBXBuildFile; fileRef = A31045B47E09BA47E417FB1A /* Ammo.swift */; };
		6CF4A527FE6B034C76AACBA3 /* CharacterPickView.swift in Sources */ = {isa = PBXBuildFile; fileRef = 2757B44EAFCA2D8B425780B3 /* CharacterPickView.swift */; };
		70D26F756305FFCD8D41C171 /* Rswift in Frameworks */ = {isa = PBXBuildFile; productRef = DB8BC5A10D086F413C75B8A7 /* Rswift */; };
		7A07DF31EF0A1A6792441B8E /* R.generated.swift in Sources */ = {isa = PBXBuildFile; fileRef = 850A178DE25F970A90DAB847 /* R.generated.swift */; };
		8A1324D4C3A8C570F5EF3AA7 /* Roulette.swift in Sources */ = {isa = PBXBuildFile; fileRef = 6F83963F3AD2F7C68C35666A /* Roulette.swift */; };
		91FA1C04D53810A5D4392F33 /* WeaponScreen.swift in Sources */ = {isa = PBXBuildFile; fileRef = A3CEBFF09E809950F1F974D1 /* WeaponScreen.swift */; };
		941CEB67376864AE91F716F3 /* ContentView.swift in Sources */ = {isa = PBXBuildFile; fileRef = C38DCF3F71BA241DE7A9D869 /* ContentView.swift */; };
		A67B1BE52A10C3AE00B067F3 /* Localizable.strings in Resources */ = {isa = PBXBuildFile; fileRef = A67B1BE72A10C3AE00B067F3 /* Localizable.strings */; };
		A67B1BEB2A10C9E100B067F3 /* Localizable.swift in Sources */ = {isa = PBXBuildFile; fileRef = A67B1BEA2A10C9E100B067F3 /* Localizable.swift */; };
		A67B1BEE2A10D22E00B067F3 /* Localizable.strings in Resources */ = {isa = PBXBuildFile; fileRef = A67B1BF02A10D22E00B067F3 /* Localizable.strings */; };
		BE5318AA189708A1BBAC1975 /* CharacterInfo.swift in Sources */ = {isa = PBXBuildFile; fileRef = 5A36EB1286E0BE668E622409 /* CharacterInfo.swift */; };
		C4522B2B5F3953FD69BDA3EF /* CharacterScreen.swift in Sources */ = {isa = PBXBuildFile; fileRef = ACD523E273FC42ED1555C1E1 /* CharacterScreen.swift */; };
		D96C68E721FC9645564AD553 /* Preview Assets.xcassets in Resources */ = {isa = PBXBuildFile; fileRef = B5AD83BFF58113041952B5B0 /* Preview Assets.xcassets */; };
		DF76E83F3907A9F93E96F612 /* AmmoScreen.swift in Sources */ = {isa = PBXBuildFile; fileRef = 44B60682553EC240D6D581E9 /* AmmoScreen.swift */; };
		E0BEF2F0C6050C05A880C4E5 /* Collection+Extension.swift in Sources */ = {isa = PBXBuildFile; fileRef = CD7AB89CA7DFADBA6E791C8A /* Collection+Extension.swift */; };
		FA788E18EE1499043CB45A98 /* SelectCounter.swift in Sources */ = {isa = PBXBuildFile; fileRef = A01BD2257821BF9809A683E2 /* SelectCounter.swift */; };
/* End PBXBuildFile section */

/* Begin PBXFileReference section */
		048CD0CD3E6A48428407C6D9 /* Assets.xcassets */ = {isa = PBXFileReference; lastKnownFileType = folder.assetcatalog; path = Assets.xcassets; sourceTree = "<group>"; };
		08082B5A5DA964AB101FE058 /* AmmoTriangle.swift */ = {isa = PBXFileReference; lastKnownFileType = sourcecode.swift; path = AmmoTriangle.swift; sourceTree = "<group>"; };
		0A7B4EF2978659AA8BE734BA /* Weapon.swift */ = {isa = PBXFileReference; lastKnownFileType = sourcecode.swift; path = Weapon.swift; sourceTree = "<group>"; };
		2757B44EAFCA2D8B425780B3 /* CharacterPickView.swift */ = {isa = PBXFileReference; lastKnownFileType = sourcecode.swift; path = CharacterPickView.swift; sourceTree = "<group>"; };
		30249215D010242B3AF7E904 /* Info.plist */ = {isa = PBXFileReference; lastKnownFileType = text.plist; path = Info.plist; sourceTree = "<group>"; };
		38A6F48B6F4E4EE2B90C0510 /* AmmoInfo.swift */ = {isa = PBXFileReference; lastKnownFileType = sourcecode.swift; path = AmmoInfo.swift; sourceTree = "<group>"; };
		3A56B148CFF959077BDB5B5F /* CharacterView.swift */ = {isa = PBXFileReference; lastKnownFileType = sourcecode.swift; path = CharacterView.swift; sourceTree = "<group>"; };
		41BB40B83E2F9FAFD0EAF502 /* Charactar.swift */ = {isa = PBXFileReference; lastKnownFileType = sourcecode.swift; path = Charactar.swift; sourceTree = "<group>"; };
		44B60682553EC240D6D581E9 /* AmmoScreen.swift */ = {isa = PBXFileReference; lastKnownFileType = sourcecode.swift; path = AmmoScreen.swift; sourceTree = "<group>"; };
		46110AFAFF02D20BED2ACCF6 /* AmmoPickerView.swift */ = {isa = PBXFileReference; lastKnownFileType = sourcecode.swift; path = AmmoPickerView.swift; sourceTree = "<group>"; };
		4F39809C1DF4CA3BFA2E5E19 /* WeaponView.swift */ = {isa = PBXFileReference; lastKnownFileType = sourcecode.swift; path = WeaponView.swift; sourceTree = "<group>"; };
		5A36EB1286E0BE668E622409 /* CharacterInfo.swift */ = {isa = PBXFileReference; lastKnownFileType = sourcecode.swift; path = CharacterInfo.swift; sourceTree = "<group>"; };
		6F83963F3AD2F7C68C35666A /* Roulette.swift */ = {isa = PBXFileReference; lastKnownFileType = sourcecode.swift; path = Roulette.swift; sourceTree = "<group>"; };
		850A178DE25F970A90DAB847 /* R.generated.swift */ = {isa = PBXFileReference; lastKnownFileType = sourcecode.swift; path = R.generated.swift; sourceTree = "<group>"; };
		A01BD2257821BF9809A683E2 /* SelectCounter.swift */ = {isa = PBXFileReference; lastKnownFileType = sourcecode.swift; path = SelectCounter.swift; sourceTree = "<group>"; };
		A31045B47E09BA47E417FB1A /* Ammo.swift */ = {isa = PBXFileReference; lastKnownFileType = sourcecode.swift; path = Ammo.swift; sourceTree = "<group>"; };
		A3CEBFF09E809950F1F974D1 /* WeaponScreen.swift */ = {isa = PBXFileReference; lastKnownFileType = sourcecode.swift; path = WeaponScreen.swift; sourceTree = "<group>"; };
		A67B1BE82A10C3B300B067F3 /* ja */ = {isa = PBXFileReference; lastKnownFileType = text.plist.strings; name = ja; path = ja.lproj/Localizable.strings; sourceTree = "<group>"; };
		A67B1BEA2A10C9E100B067F3 /* Localizable.swift */ = {isa = PBXFileReference; lastKnownFileType = sourcecode.swift; path = Localizable.swift; sourceTree = "<group>"; };
		A67B1BF22A10D2C700B067F3 /* en */ = {isa = PBXFileReference; lastKnownFileType = text.plist.strings; name = en; path = en.lproj/Localizable.strings; sourceTree = "<group>"; };
		ACD523E273FC42ED1555C1E1 /* CharacterScreen.swift */ = {isa = PBXFileReference; lastKnownFileType = sourcecode.swift; path = CharacterScreen.swift; sourceTree = "<group>"; };
		B5AD83BFF58113041952B5B0 /* Preview Assets.xcassets */ = {isa = PBXFileReference; lastKnownFileType = folder.assetcatalog; path = "Preview Assets.xcassets"; sourceTree = "<group>"; };
		C15FC7C612F464F2646F4604 /* ApexRouletteApp.swift */ = {isa = PBXFileReference; lastKnownFileType = sourcecode.swift; path = ApexRouletteApp.swift; sourceTree = "<group>"; };
		C38DCF3F71BA241DE7A9D869 /* ContentView.swift */ = {isa = PBXFileReference; lastKnownFileType = sourcecode.swift; path = ContentView.swift; sourceTree = "<group>"; };
		C60C5B933C2D95597557D7F6 /* AmmoView.swift */ = {isa = PBXFileReference; lastKnownFileType = sourcecode.swift; path = AmmoView.swift; sourceTree = "<group>"; };
		CC985DDB5BEF915525200F80 /* Rswift+Extension.swift */ = {isa = PBXFileReference; lastKnownFileType = sourcecode.swift; path = "Rswift+Extension.swift"; sourceTree = "<group>"; };
		CD7AB89CA7DFADBA6E791C8A /* Collection+Extension.swift */ = {isa = PBXFileReference; lastKnownFileType = sourcecode.swift; path = "Collection+Extension.swift"; sourceTree = "<group>"; };
		E18DE00A2040026362AA288B /* ApexRoulette.app */ = {isa = PBXFileReference; explicitFileType = wrapper.application; includeInIndex = 0; path = ApexRoulette.app; sourceTree = BUILT_PRODUCTS_DIR; };
		F24B1E369CB2DEB3BD7E0211 /* PrimaryButtonModifier.swift */ = {isa = PBXFileReference; lastKnownFileType = sourcecode.swift; path = PrimaryButtonModifier.swift; sourceTree = "<group>"; };
/* End PBXFileReference section */

/* Begin PBXFrameworksBuildPhase section */
		BA9A261FDE825A0AB9A849DD /* Frameworks */ = {
			isa = PBXFrameworksBuildPhase;
			buildActionMask = 2147483647;
			files = (
				70D26F756305FFCD8D41C171 /* Rswift in Frameworks */,
			);
			runOnlyForDeploymentPostprocessing = 0;
		};
/* End PBXFrameworksBuildPhase section */

/* Begin PBXGroup section */
		03197C546B1AD313B9CFDD8B = {
			isa = PBXGroup;
			children = (
				646BC7C69CFDB968C48BD532 /* ApexRoulette */,
				D0F4FD6DE3D8F7BB7C27C544 /* Products */,
			);
			sourceTree = "<group>";
		};
		0F8928A2962442300FEDA455 /* Weapon */ = {
			isa = PBXGroup;
			children = (
				A3CEBFF09E809950F1F974D1 /* WeaponScreen.swift */,
				7DC916539DB40E6979DF9A59 /* Component */,
			);
			path = Weapon;
			sourceTree = "<group>";
		};
		14144E90FB4B549B2B814A95 /* Character */ = {
			isa = PBXGroup;
			children = (
				ACD523E273FC42ED1555C1E1 /* CharacterScreen.swift */,
				59C211D4026F43663E7A6DE1 /* Component */,
			);
			path = Character;
			sourceTree = "<group>";
		};
		22410F4B0710EA11204B65EF /* View */ = {
			isa = PBXGroup;
			children = (
				56CC9C953D76C659618D09F0 /* Ammo */,
				14144E90FB4B549B2B814A95 /* Character */,
				9E7A0A43C1CB7175409B243A /* Component */,
				7D40357CECB3694B00884D22 /* Modifier */,
				0F8928A2962442300FEDA455 /* Weapon */,
			);
			path = View;
			sourceTree = "<group>";
		};
		31D4FCA2824533B03B891C6F /* Rswift */ = {
			isa = PBXGroup;
			children = (
				850A178DE25F970A90DAB847 /* R.generated.swift */,
				CC985DDB5BEF915525200F80 /* Rswift+Extension.swift */,
			);
			path = Rswift;
			sourceTree = "<group>";
		};
		481813D3342A342790FEB7F5 /* Component */ = {
			isa = PBXGroup;
			children = (
				46110AFAFF02D20BED2ACCF6 /* AmmoPickerView.swift */,
				08082B5A5DA964AB101FE058 /* AmmoTriangle.swift */,
				C60C5B933C2D95597557D7F6 /* AmmoView.swift */,
			);
			path = Component;
			sourceTree = "<group>";
		};
		56CC9C953D76C659618D09F0 /* Ammo */ = {
			isa = PBXGroup;
			children = (
				44B60682553EC240D6D581E9 /* AmmoScreen.swift */,
				481813D3342A342790FEB7F5 /* Component */,
			);
			path = Ammo;
			sourceTree = "<group>";
		};
		59C211D4026F43663E7A6DE1 /* Component */ = {
			isa = PBXGroup;
			children = (
				2757B44EAFCA2D8B425780B3 /* CharacterPickView.swift */,
				3A56B148CFF959077BDB5B5F /* CharacterView.swift */,
			);
			path = Component;
			sourceTree = "<group>";
		};
		5EECFE87022AE507B8FB44A7 /* SupportFiles */ = {
			isa = PBXGroup;
			children = (
				A67B1BE92A10C9CA00B067F3 /* Localizable */,
				EA4B991B875C110C27CD332A /* Preview Content */,
				31D4FCA2824533B03B891C6F /* Rswift */,
			);
			path = SupportFiles;
			sourceTree = "<group>";
		};
		646BC7C69CFDB968C48BD532 /* ApexRoulette */ = {
			isa = PBXGroup;
			children = (
				C15FC7C612F464F2646F4604 /* ApexRouletteApp.swift */,
				048CD0CD3E6A48428407C6D9 /* Assets.xcassets */,
				C38DCF3F71BA241DE7A9D869 /* ContentView.swift */,
				30249215D010242B3AF7E904 /* Info.plist */,
				9B9F9206E453FC7E3274938E /* DataModel */,
				E65985D732A2BC6DDB94FA3B /* Extension */,
				6617B81815380F0460E1AB57 /* Model */,
				5EECFE87022AE507B8FB44A7 /* SupportFiles */,
				22410F4B0710EA11204B65EF /* View */,
			);
			path = ApexRoulette;
			sourceTree = "<group>";
		};
		6617B81815380F0460E1AB57 /* Model */ = {
			isa = PBXGroup;
			children = (
				6F83963F3AD2F7C68C35666A /* Roulette.swift */,
			);
			path = Model;
			sourceTree = "<group>";
		};
		7D40357CECB3694B00884D22 /* Modifier */ = {
			isa = PBXGroup;
			children = (
				F24B1E369CB2DEB3BD7E0211 /* PrimaryButtonModifier.swift */,
			);
			path = Modifier;
			sourceTree = "<group>";
		};
		7DC916539DB40E6979DF9A59 /* Component */ = {
			isa = PBXGroup;
			children = (
				4F39809C1DF4CA3BFA2E5E19 /* WeaponView.swift */,
			);
			path = Component;
			sourceTree = "<group>";
		};
		9B9F9206E453FC7E3274938E /* DataModel */ = {
			isa = PBXGroup;
			children = (
				A31045B47E09BA47E417FB1A /* Ammo.swift */,
				38A6F48B6F4E4EE2B90C0510 /* AmmoInfo.swift */,
				41BB40B83E2F9FAFD0EAF502 /* Charactar.swift */,
				5A36EB1286E0BE668E622409 /* CharacterInfo.swift */,
				0A7B4EF2978659AA8BE734BA /* Weapon.swift */,
			);
			path = DataModel;
			sourceTree = "<group>";
		};
		9E7A0A43C1CB7175409B243A /* Component */ = {
			isa = PBXGroup;
			children = (
				A01BD2257821BF9809A683E2 /* SelectCounter.swift */,
			);
			path = Component;
			sourceTree = "<group>";
		};
		A67B1BE92A10C9CA00B067F3 /* Localizable */ = {
			isa = PBXGroup;
			children = (
				A67B1BE72A10C3AE00B067F3 /* Localizable.strings */,
				A67B1BEA2A10C9E100B067F3 /* Localizable.swift */,
				A67B1BF02A10D22E00B067F3 /* Localizable.strings */,
			);
			path = Localizable;
			sourceTree = "<group>";
		};
		D0F4FD6DE3D8F7BB7C27C544 /* Products */ = {
			isa = PBXGroup;
			children = (
				E18DE00A2040026362AA288B /* ApexRoulette.app */,
			);
			name = Products;
			sourceTree = "<group>";
		};
		E65985D732A2BC6DDB94FA3B /* Extension */ = {
			isa = PBXGroup;
			children = (
				CD7AB89CA7DFADBA6E791C8A /* Collection+Extension.swift */,
			);
			path = Extension;
			sourceTree = "<group>";
		};
		EA4B991B875C110C27CD332A /* Preview Content */ = {
			isa = PBXGroup;
			children = (
				B5AD83BFF58113041952B5B0 /* Preview Assets.xcassets */,
			);
			path = "Preview Content";
			sourceTree = "<group>";
		};
/* End PBXGroup section */

/* Begin PBXNativeTarget section */
		2F7B22795A41288F0EBB5E67 /* ApexRoulette */ = {
			isa = PBXNativeTarget;
			buildConfigurationList = 9297DB7D93A07A7162ABE6F0 /* Build configuration list for PBXNativeTarget "ApexRoulette" */;
			buildPhases = (
				0AFA1859B99C9669B6AC13F5 /* Run R.swift */,
				DC38384D37CD8BE5F79776A9 /* Sources */,
				87E4CF4EAFD51EBAAB332C2A /* Resources */,
				BA9A261FDE825A0AB9A849DD /* Frameworks */,
			);
			buildRules = (
			);
			dependencies = (
			);
			name = ApexRoulette;
			packageProductDependencies = (
				DB8BC5A10D086F413C75B8A7 /* Rswift */,
			);
			productName = ApexRoulette;
			productReference = E18DE00A2040026362AA288B /* ApexRoulette.app */;
			productType = "com.apple.product-type.application";
		};
/* End PBXNativeTarget section */

/* Begin PBXProject section */
		A4A055FBEFF1B26AF822146F /* Project object */ = {
			isa = PBXProject;
			attributes = {
				LastUpgradeCheck = 1200;
				ORGANIZATIONNAME = "Daiki Umehara";
			};
			buildConfigurationList = 3991A0AB5F0A40F19B8573C9 /* Build configuration list for PBXProject "ApexRoulette" */;
			compatibilityVersion = "Xcode 11.0";
			developmentRegion = ja;
			hasScannedForEncodings = 0;
			knownRegions = (
				ja,
				Base,
				en,
			);
			mainGroup = 03197C546B1AD313B9CFDD8B;
			packageReferences = (
				339F58BFF5962AEBC3BADA18 /* XCRemoteSwiftPackageReference "R.swift" */,
			);
			projectDirPath = "";
			projectRoot = "";
			targets = (
				2F7B22795A41288F0EBB5E67 /* ApexRoulette */,
			);
		};
/* End PBXProject section */

/* Begin PBXResourcesBuildPhase section */
		87E4CF4EAFD51EBAAB332C2A /* Resources */ = {
			isa = PBXResourcesBuildPhase;
			buildActionMask = 2147483647;
			files = (
				285D84657CA11504BA474B33 /* Assets.xcassets in Resources */,
				A67B1BE52A10C3AE00B067F3 /* Localizable.strings in Resources */,
				A67B1BEE2A10D22E00B067F3 /* Localizable.strings in Resources */,
				D96C68E721FC9645564AD553 /* Preview Assets.xcassets in Resources */,
			);
			runOnlyForDeploymentPostprocessing = 0;
		};
/* End PBXResourcesBuildPhase section */

/* Begin PBXShellScriptBuildPhase section */
		0AFA1859B99C9669B6AC13F5 /* Run R.swift */ = {
			isa = PBXShellScriptBuildPhase;
			alwaysOutOfDate = 1;
			buildActionMask = 2147483647;
			files = (
			);
			inputFileListPaths = (
			);
			inputPaths = (
			);
			name = "Run R.swift";
			outputFileListPaths = (
			);
			outputPaths = (
				"$(SRCROOT)/Rswift/R.generated.swift",
			);
			runOnlyForDeploymentPostprocessing = 0;
			shellPath = /bin/sh;
			shellScript = "if [ $(uname -m) = \"arm64\" ]; then\n  export PATH=\"/opt/homebrew/bin:/opt/homebrew/sbin:${PATH+:$PATH}\";\nfi\nmint run mac-cain13/R.swift@v6.1.0 rswift generate \"${SRCROOT}/ApexRoulette/SupportFiles/Rswift/R.generated.swift\"\n";
		};
/* End PBXShellScriptBuildPhase section */

/* Begin PBXSourcesBuildPhase section */
		DC38384D37CD8BE5F79776A9 /* Sources */ = {
			isa = PBXSourcesBuildPhase;
			buildActionMask = 2147483647;
			files = (
				564DEB42ADCBB3405CDAFE94 /* Ammo.swift in Sources */,
				3E3620214E3E7D1B1C5490F0 /* AmmoInfo.swift in Sources */,
				A67B1BEB2A10C9E100B067F3 /* Localizable.swift in Sources */,
				36628045C51A0C6396421B21 /* AmmoPickerView.swift in Sources */,
				DF76E83F3907A9F93E96F612 /* AmmoScreen.swift in Sources */,
				375B24E26AA05685E79FC3C6 /* AmmoTriangle.swift in Sources */,
				2F6F3D972B87975784F03985 /* AmmoView.swift in Sources */,
				4A229C80E8880A03D4B370E2 /* ApexRouletteApp.swift in Sources */,
				2FBFBF246EA7BB1A30EEE40F /* Charactar.swift in Sources */,
				BE5318AA189708A1BBAC1975 /* CharacterInfo.swift in Sources */,
				6CF4A527FE6B034C76AACBA3 /* CharacterPickView.swift in Sources */,
				C4522B2B5F3953FD69BDA3EF /* CharacterScreen.swift in Sources */,
				2B3CCAB67E05D7E2125765EA /* CharacterView.swift in Sources */,
				E0BEF2F0C6050C05A880C4E5 /* Collection+Extension.swift in Sources */,
				941CEB67376864AE91F716F3 /* ContentView.swift in Sources */,
				2649ABC29B31F92F893D6534 /* PrimaryButtonModifier.swift in Sources */,
				7A07DF31EF0A1A6792441B8E /* R.generated.swift in Sources */,
				8A1324D4C3A8C570F5EF3AA7 /* Roulette.swift in Sources */,
				02408D9886DE9BAA08E211C8 /* Rswift+Extension.swift in Sources */,
				FA788E18EE1499043CB45A98 /* SelectCounter.swift in Sources */,
				2E9ECD96C5BDF9C387CCCF42 /* Weapon.swift in Sources */,
				91FA1C04D53810A5D4392F33 /* WeaponScreen.swift in Sources */,
				2B627D6C6470C2347F412C70 /* WeaponView.swift in Sources */,
			);
			runOnlyForDeploymentPostprocessing = 0;
		};
/* End PBXSourcesBuildPhase section */

/* Begin PBXVariantGroup section */
		A67B1BE72A10C3AE00B067F3 /* Localizable.strings */ = {
			isa = PBXVariantGroup;
			children = (
				A67B1BE82A10C3B300B067F3 /* ja */,
			);
			name = Localizable.strings;
			sourceTree = "<group>";
		};
		A67B1BF02A10D22E00B067F3 /* Localizable.strings */ = {
			isa = PBXVariantGroup;
			children = (
				A67B1BF22A10D2C700B067F3 /* en */,
			);
			name = Localizable.strings;
			sourceTree = "<group>";
		};
/* End PBXVariantGroup section */

/* Begin XCBuildConfiguration section */
		34F95F88CF244958450CC559 /* Debug */ = {
			isa = XCBuildConfiguration;
			buildSettings = {
				ASSETCATALOG_COMPILER_APPICON_NAME = AppIcon;
				CODE_SIGN_IDENTITY = "iPhone Developer";
				CURRENT_PROJECT_VERSION = 1.1;
				CUSTOM_BUILD_SETTING = my_debug_value;
				DEVELOPMENT_TEAM = M4DFJLV2VG;
				INFOPLIST_FILE = ApexRoulette/Info.plist;
				IPHONEOS_DEPLOYMENT_TARGET = 15.0;
				LD_RUNPATH_SEARCH_PATHS = (
					"$(inherited)",
					"@executable_path/Frameworks",
				);
				MARKETING_VERSION = 1.1;
				PRODUCT_BUNDLE_IDENTIFIER = com.gmail.daikiumehara3.ApexRoulette;
				PRODUCT_NAME = ApexRoulette;
				SDKROOT = iphoneos;
				SUPPORTED_PLATFORMS = "iphoneos iphonesimulator";
				SUPPORTS_MACCATALYST = NO;
				SUPPORTS_MAC_DESIGNED_FOR_IPHONE_IPAD = NO;
				TARGETED_DEVICE_FAMILY = 1;
			};
			name = Debug;
		};
		8B65DD52ACCFBC19DF69D583 /* Release */ = {
			isa = XCBuildConfiguration;
			buildSettings = {
				ASSETCATALOG_COMPILER_APPICON_NAME = AppIcon;
				CODE_SIGN_IDENTITY = "iPhone Developer";
				CURRENT_PROJECT_VERSION = 1.1;
				CUSTOM_BUILD_SETTING = my_release_value;
				DEVELOPMENT_TEAM = M4DFJLV2VG;
				INFOPLIST_FILE = ApexRoulette/Info.plist;
				IPHONEOS_DEPLOYMENT_TARGET = 15.0;
				LD_RUNPATH_SEARCH_PATHS = (
					"$(inherited)",
					"@executable_path/Frameworks",
				);
				MARKETING_VERSION = 1.1;
				PRODUCT_BUNDLE_IDENTIFIER = com.gmail.daikiumehara3.ApexRoulette;
				PRODUCT_NAME = ApexRoulette;
				SDKROOT = iphoneos;
				SUPPORTED_PLATFORMS = "iphoneos iphonesimulator";
				SUPPORTS_MACCATALYST = NO;
				SUPPORTS_MAC_DESIGNED_FOR_IPHONE_IPAD = NO;
				TARGETED_DEVICE_FAMILY = 1;
			};
			name = Release;
		};
		D12701B64FD7A57821EBA072 /* Release */ = {
			isa = XCBuildConfiguration;
			buildSettings = {
				ALWAYS_SEARCH_USER_PATHS = NO;
				CLANG_ANALYZER_LOCALIZABILITY_NONLOCALIZED = YES;
				CLANG_ANALYZER_NONNULL = YES;
				CLANG_ANALYZER_NUMBER_OBJECT_CONVERSION = YES_AGGRESSIVE;
				CLANG_CXX_LANGUAGE_STANDARD = "gnu++14";
				CLANG_CXX_LIBRARY = "libc++";
				CLANG_ENABLE_MODULES = YES;
				CLANG_ENABLE_OBJC_ARC = YES;
				CLANG_ENABLE_OBJC_WEAK = YES;
				CLANG_WARN_BLOCK_CAPTURE_AUTORELEASING = YES;
				CLANG_WARN_BOOL_CONVERSION = YES;
				CLANG_WARN_COMMA = YES;
				CLANG_WARN_CONSTANT_CONVERSION = YES;
				CLANG_WARN_DEPRECATED_OBJC_IMPLEMENTATIONS = YES;
				CLANG_WARN_DIRECT_OBJC_ISA_USAGE = YES_ERROR;
				CLANG_WARN_DOCUMENTATION_COMMENTS = YES;
				CLANG_WARN_EMPTY_BODY = YES;
				CLANG_WARN_ENUM_CONVERSION = YES;
				CLANG_WARN_INFINITE_RECURSION = YES;
				CLANG_WARN_INT_CONVERSION = YES;
				CLANG_WARN_NON_LITERAL_NULL_CONVERSION = YES;
				CLANG_WARN_OBJC_IMPLICIT_RETAIN_SELF = YES;
				CLANG_WARN_OBJC_LITERAL_CONVERSION = YES;
				CLANG_WARN_OBJC_ROOT_CLASS = YES_ERROR;
				CLANG_WARN_QUOTED_INCLUDE_IN_FRAMEWORK_HEADER = YES;
				CLANG_WARN_RANGE_LOOP_ANALYSIS = YES;
				CLANG_WARN_STRICT_PROTOTYPES = YES;
				CLANG_WARN_SUSPICIOUS_MOVE = YES;
				CLANG_WARN_UNGUARDED_AVAILABILITY = YES_AGGRESSIVE;
				CLANG_WARN_UNREACHABLE_CODE = YES;
				CLANG_WARN__DUPLICATE_METHOD_MATCH = YES;
				COPY_PHASE_STRIP = NO;
				DEBUG_INFORMATION_FORMAT = "dwarf-with-dsym";
				ENABLE_NS_ASSERTIONS = NO;
				ENABLE_STRICT_OBJC_MSGSEND = YES;
				GCC_C_LANGUAGE_STANDARD = gnu11;
				GCC_NO_COMMON_BLOCKS = YES;
				GCC_WARN_64_TO_32_BIT_CONVERSION = YES;
				GCC_WARN_ABOUT_RETURN_TYPE = YES_ERROR;
				GCC_WARN_UNDECLARED_SELECTOR = YES;
				GCC_WARN_UNINITIALIZED_AUTOS = YES_AGGRESSIVE;
				GCC_WARN_UNUSED_FUNCTION = YES;
				GCC_WARN_UNUSED_VARIABLE = YES;
				IPHONEOS_DEPLOYMENT_TARGET = 15.0;
				MTL_ENABLE_DEBUG_INFO = NO;
				MTL_FAST_MATH = YES;
				PRODUCT_NAME = "$(TARGET_NAME)";
				SDKROOT = iphoneos;
				SWIFT_COMPILATION_MODE = wholemodule;
				SWIFT_OPTIMIZATION_LEVEL = "-O";
				SWIFT_VERSION = 5.0;
			};
			name = Release;
		};
		ED7D531407AB5A74332F9FFF /* Debug */ = {
			isa = XCBuildConfiguration;
			buildSettings = {
				ALWAYS_SEARCH_USER_PATHS = NO;
				CLANG_ANALYZER_LOCALIZABILITY_NONLOCALIZED = YES;
				CLANG_ANALYZER_NONNULL = YES;
				CLANG_ANALYZER_NUMBER_OBJECT_CONVERSION = YES_AGGRESSIVE;
				CLANG_CXX_LANGUAGE_STANDARD = "gnu++14";
				CLANG_CXX_LIBRARY = "libc++";
				CLANG_ENABLE_MODULES = YES;
				CLANG_ENABLE_OBJC_ARC = YES;
				CLANG_ENABLE_OBJC_WEAK = YES;
				CLANG_WARN_BLOCK_CAPTURE_AUTORELEASING = YES;
				CLANG_WARN_BOOL_CONVERSION = YES;
				CLANG_WARN_COMMA = YES;
				CLANG_WARN_CONSTANT_CONVERSION = YES;
				CLANG_WARN_DEPRECATED_OBJC_IMPLEMENTATIONS = YES;
				CLANG_WARN_DIRECT_OBJC_ISA_USAGE = YES_ERROR;
				CLANG_WARN_DOCUMENTATION_COMMENTS = YES;
				CLANG_WARN_EMPTY_BODY = YES;
				CLANG_WARN_ENUM_CONVERSION = YES;
				CLANG_WARN_INFINITE_RECURSION = YES;
				CLANG_WARN_INT_CONVERSION = YES;
				CLANG_WARN_NON_LITERAL_NULL_CONVERSION = YES;
				CLANG_WARN_OBJC_IMPLICIT_RETAIN_SELF = YES;
				CLANG_WARN_OBJC_LITERAL_CONVERSION = YES;
				CLANG_WARN_OBJC_ROOT_CLASS = YES_ERROR;
				CLANG_WARN_QUOTED_INCLUDE_IN_FRAMEWORK_HEADER = YES;
				CLANG_WARN_RANGE_LOOP_ANALYSIS = YES;
				CLANG_WARN_STRICT_PROTOTYPES = YES;
				CLANG_WARN_SUSPICIOUS_MOVE = YES;
				CLANG_WARN_UNGUARDED_AVAILABILITY = YES_AGGRESSIVE;
				CLANG_WARN_UNREACHABLE_CODE = YES;
				CLANG_WARN__DUPLICATE_METHOD_MATCH = YES;
				COPY_PHASE_STRIP = NO;
				DEBUG_INFORMATION_FORMAT = dwarf;
				ENABLE_STRICT_OBJC_MSGSEND = YES;
				ENABLE_TESTABILITY = YES;
				GCC_C_LANGUAGE_STANDARD = gnu11;
				GCC_DYNAMIC_NO_PIC = NO;
				GCC_NO_COMMON_BLOCKS = YES;
				GCC_OPTIMIZATION_LEVEL = 0;
				GCC_PREPROCESSOR_DEFINITIONS = (
					"$(inherited)",
					"DEBUG=1",
				);
				GCC_WARN_64_TO_32_BIT_CONVERSION = YES;
				GCC_WARN_ABOUT_RETURN_TYPE = YES_ERROR;
				GCC_WARN_UNDECLARED_SELECTOR = YES;
				GCC_WARN_UNINITIALIZED_AUTOS = YES_AGGRESSIVE;
				GCC_WARN_UNUSED_FUNCTION = YES;
				GCC_WARN_UNUSED_VARIABLE = YES;
				IPHONEOS_DEPLOYMENT_TARGET = 15.0;
				MTL_ENABLE_DEBUG_INFO = INCLUDE_SOURCE;
				MTL_FAST_MATH = YES;
				ONLY_ACTIVE_ARCH = YES;
				PRODUCT_NAME = "$(TARGET_NAME)";
				SDKROOT = iphoneos;
				SWIFT_ACTIVE_COMPILATION_CONDITIONS = DEBUG;
				SWIFT_OPTIMIZATION_LEVEL = "-Onone";
				SWIFT_VERSION = 5.0;
			};
			name = Debug;
		};
/* End XCBuildConfiguration section */

/* Begin XCConfigurationList section */
		3991A0AB5F0A40F19B8573C9 /* Build configuration list for PBXProject "ApexRoulette" */ = {
			isa = XCConfigurationList;
			buildConfigurations = (
				ED7D531407AB5A74332F9FFF /* Debug */,
				D12701B64FD7A57821EBA072 /* Release */,
			);
			defaultConfigurationIsVisible = 0;
			defaultConfigurationName = Debug;
		};
		9297DB7D93A07A7162ABE6F0 /* Build configuration list for PBXNativeTarget "ApexRoulette" */ = {
			isa = XCConfigurationList;
			buildConfigurations = (
				34F95F88CF244958450CC559 /* Debug */,
				8B65DD52ACCFBC19DF69D583 /* Release */,
			);
			defaultConfigurationIsVisible = 0;
			defaultConfigurationName = Debug;
		};
/* End XCConfigurationList section */

/* Begin XCRemoteSwiftPackageReference section */
		339F58BFF5962AEBC3BADA18 /* XCRemoteSwiftPackageReference "R.swift" */ = {
			isa = XCRemoteSwiftPackageReference;
			repositoryURL = "https://github.com/mac-cain13/R.swift.Library";
			requirement = {
				kind = upToNextMajorVersion;
				minimumVersion = 5.4.0;
			};
		};
/* End XCRemoteSwiftPackageReference section */

/* Begin XCSwiftPackageProductDependency section */
		DB8BC5A10D086F413C75B8A7 /* Rswift */ = {
			isa = XCSwiftPackageProductDependency;
			package = 339F58BFF5962AEBC3BADA18 /* XCRemoteSwiftPackageReference "R.swift" */;
			productName = Rswift;
		};
/* End XCSwiftPackageProductDependency section */
	};
	rootObject = A4A055FBEFF1B26AF822146F /* Project object */;
}
